
Microsoft Visual Studio Solution File, Format Version 12.00
# Visual Studio Version 17
VisualStudioVersion = 17.2.32630.192
MinimumVisualStudioVersion = 10.0.40219.1
Project("{FAE04EC0-301F-11D3-BF4B-00C04F79EFBC}") = "PracticalTasks", "PracticalTasks\PracticalTasks.csproj", "{AABEDE4F-E81B-46F2-A61A-7357A3A6037C}"
EndProject
Global
	GlobalSection(SolutionConfigurationPlatforms) = preSolution
		Debug|Any CPU = Debug|Any CPU
		Release|Any CPU = Release|Any CPU
	EndGlobalSection
	GlobalSection(ProjectConfigurationPlatforms) = postSolution
		{AABEDE4F-E81B-46F2-A61A-7357A3A6037C}.Debug|Any CPU.ActiveCfg = Debug|Any CPU
		{AABEDE4F-E81B-46F2-A61A-7357A3A6037C}.Debug|Any CPU.Build.0 = Debug|Any CPU
		{AABEDE4F-E81B-46F2-A61A-7357A3A6037C}.Release|Any CPU.ActiveCfg = Release|Any CPU
		{AABEDE4F-E81B-46F2-A61A-7357A3A6037C}.Release|Any CPU.Build.0 = Release|Any CPU
	EndGlobalSection
	GlobalSection(SolutionProperties) = preSolution
		HideSolutionNode = FALSE
	EndGlobalSection
	GlobalSection(ExtensibilityGlobals) = postSolution
		SolutionGuid = {D1D13C5B-1714-459D-952F-C7D75A67F39C}
	EndGlobalSection
EndGlobal
